
Microsoft Visual Studio Solution File, Format Version 12.00
# Visual Studio Version 17
VisualStudioVersion = 17.9.34728.123
MinimumVisualStudioVersion = 10.0.40219.1
Project("{2150E333-8FDC-42A3-9474-1A3956D46DE8}") = "1 - Presentation", "1 - Presentation", "{64411D1B-4DAF-4C3D-8EC6-7EF8BEDD8EF4}"
EndProject
Project("{2150E333-8FDC-42A3-9474-1A3956D46DE8}") = "3 - Adapter", "3 - Adapter", "{E5D1D794-0486-415E-898F-A107680D20C1}"
EndProject
Project("{2150E333-8FDC-42A3-9474-1A3956D46DE8}") = "Infra", "Infra", "{CBE8E46D-10B5-4B74-A840-95AE6A80E8E4}"
EndProject
Project("{9A19103F-16F7-4668-BE54-9A1E7A4F7556}") = "API", "API\API.csproj", "{B8EDC409-8817-4BDE-A7A4-F2EE08C142D6}"
EndProject
Project("{2150E333-8FDC-42A3-9474-1A3956D46DE8}") = "2 - Core", "2 - Core", "{F81ED229-E0E4-4EF8-9041-89D849BB5BAD}"
EndProject
Project("{9A19103F-16F7-4668-BE54-9A1E7A4F7556}") = "Application", "Application\Application.csproj", "{3859ACB4-6B68-4C8B-A0DC-C3606DBC729D}"
EndProject
Project("{9A19103F-16F7-4668-BE54-9A1E7A4F7556}") = "Domain", "Domain\Domain.csproj", "{46F4FD7A-52B1-464E-B48F-2390005AF935}"
EndProject
Project("{2150E333-8FDC-42A3-9474-1A3956D46DE8}") = "Driver", "Driver", "{553B2377-9F80-4ED5-A872-98C4CA0A684A}"
EndProject
Project("{2150E333-8FDC-42A3-9474-1A3956D46DE8}") = "Driven", "Driven", "{B2686CB5-5AAB-420D-8739-890C336CB2EF}"
EndProject
Project("{9A19103F-16F7-4668-BE54-9A1E7A4F7556}") = "Infra", "Infra\Infra.csproj", "{F1A69AEE-0EBE-4B49-AB59-439ECEEC53DF}"
EndProject
Project("{9A19103F-16F7-4668-BE54-9A1E7A4F7556}") = "InfraMongoDb", "InfraMongoDb\InfraMongoDb.csproj", "{2C9FE5B4-DD7C-4E08-804D-A2A700133715}"
EndProject
Project("{9A19103F-16F7-4668-BE54-9A1E7A4F7556}") = "MercadoPagoIntegracao", "MercadoPagoIntegracao\MercadoPagoIntegracao.csproj", "{6FED3CAA-DB99-415F-96CE-A247DE411ACA}"
EndProject
Project("{2150E333-8FDC-42A3-9474-1A3956D46DE8}") = "Pagamento", "Pagamento", "{C1589D8F-865A-4BD5-9764-C6123D903AB8}"
EndProject
Project("{E53339B2-1760-4266-BCC7-CA923CBCF16C}") = "docker-compose", "docker-compose.dcproj", "{308A35BF-4941-4E08-B106-937787A5DAAC}"
EndProject
Project("{2150E333-8FDC-42A3-9474-1A3956D46DE8}") = "README.md", "README.md", "{8EE0A8F5-2F0E-4CB9-AA7B-B3AA63A845BB}"
	ProjectSection(SolutionItems) = preProject
		README.md = README.md
	EndProjectSection
EndProject
Global
	GlobalSection(SolutionConfigurationPlatforms) = preSolution
		Debug|Any CPU = Debug|Any CPU
		Release|Any CPU = Release|Any CPU
	EndGlobalSection
	GlobalSection(ProjectConfigurationPlatforms) = postSolution
		{B8EDC409-8817-4BDE-A7A4-F2EE08C142D6}.Debug|Any CPU.ActiveCfg = Debug|Any CPU
		{B8EDC409-8817-4BDE-A7A4-F2EE08C142D6}.Debug|Any CPU.Build.0 = Debug|Any CPU
		{B8EDC409-8817-4BDE-A7A4-F2EE08C142D6}.Release|Any CPU.ActiveCfg = Release|Any CPU
		{B8EDC409-8817-4BDE-A7A4-F2EE08C142D6}.Release|Any CPU.Build.0 = Release|Any CPU
		{3859ACB4-6B68-4C8B-A0DC-C3606DBC729D}.Debug|Any CPU.ActiveCfg = Debug|Any CPU
		{3859ACB4-6B68-4C8B-A0DC-C3606DBC729D}.Debug|Any CPU.Build.0 = Debug|Any CPU
		{3859ACB4-6B68-4C8B-A0DC-C3606DBC729D}.Release|Any CPU.ActiveCfg = Release|Any CPU
		{3859ACB4-6B68-4C8B-A0DC-C3606DBC729D}.Release|Any CPU.Build.0 = Release|Any CPU
		{46F4FD7A-52B1-464E-B48F-2390005AF935}.Debug|Any CPU.ActiveCfg = Debug|Any CPU
		{46F4FD7A-52B1-464E-B48F-2390005AF935}.Debug|Any CPU.Build.0 = Debug|Any CPU
		{46F4FD7A-52B1-464E-B48F-2390005AF935}.Release|Any CPU.ActiveCfg = Release|Any CPU
		{46F4FD7A-52B1-464E-B48F-2390005AF935}.Release|Any CPU.Build.0 = Release|Any CPU
		{F1A69AEE-0EBE-4B49-AB59-439ECEEC53DF}.Debug|Any CPU.ActiveCfg = Debug|Any CPU
		{F1A69AEE-0EBE-4B49-AB59-439ECEEC53DF}.Debug|Any CPU.Build.0 = Debug|Any CPU
		{F1A69AEE-0EBE-4B49-AB59-439ECEEC53DF}.Release|Any CPU.ActiveCfg = Release|Any CPU
		{F1A69AEE-0EBE-4B49-AB59-439ECEEC53DF}.Release|Any CPU.Build.0 = Release|Any CPU
		{2C9FE5B4-DD7C-4E08-804D-A2A700133715}.Debug|Any CPU.ActiveCfg = Debug|Any CPU
		{2C9FE5B4-DD7C-4E08-804D-A2A700133715}.Debug|Any CPU.Build.0 = Debug|Any CPU
		{2C9FE5B4-DD7C-4E08-804D-A2A700133715}.Release|Any CPU.ActiveCfg = Release|Any CPU
		{2C9FE5B4-DD7C-4E08-804D-A2A700133715}.Release|Any CPU.Build.0 = Release|Any CPU
		{6FED3CAA-DB99-415F-96CE-A247DE411ACA}.Debug|Any CPU.ActiveCfg = Debug|Any CPU
		{6FED3CAA-DB99-415F-96CE-A247DE411ACA}.Debug|Any CPU.Build.0 = Debug|Any CPU
		{6FED3CAA-DB99-415F-96CE-A247DE411ACA}.Release|Any CPU.ActiveCfg = Release|Any CPU
		{6FED3CAA-DB99-415F-96CE-A247DE411ACA}.Release|Any CPU.Build.0 = Release|Any CPU
		{308A35BF-4941-4E08-B106-937787A5DAAC}.Debug|Any CPU.ActiveCfg = Debug|Any CPU
		{308A35BF-4941-4E08-B106-937787A5DAAC}.Debug|Any CPU.Build.0 = Debug|Any CPU
		{308A35BF-4941-4E08-B106-937787A5DAAC}.Release|Any CPU.ActiveCfg = Release|Any CPU
		{308A35BF-4941-4E08-B106-937787A5DAAC}.Release|Any CPU.Build.0 = Release|Any CPU
	EndGlobalSection
	GlobalSection(SolutionProperties) = preSolution
		HideSolutionNode = FALSE
	EndGlobalSection
	GlobalSection(NestedProjects) = preSolution
		{CBE8E46D-10B5-4B74-A840-95AE6A80E8E4} = {B2686CB5-5AAB-420D-8739-890C336CB2EF}
		{B8EDC409-8817-4BDE-A7A4-F2EE08C142D6} = {553B2377-9F80-4ED5-A872-98C4CA0A684A}
		{3859ACB4-6B68-4C8B-A0DC-C3606DBC729D} = {F81ED229-E0E4-4EF8-9041-89D849BB5BAD}
		{46F4FD7A-52B1-464E-B48F-2390005AF935} = {F81ED229-E0E4-4EF8-9041-89D849BB5BAD}
		{553B2377-9F80-4ED5-A872-98C4CA0A684A} = {E5D1D794-0486-415E-898F-A107680D20C1}
		{B2686CB5-5AAB-420D-8739-890C336CB2EF} = {E5D1D794-0486-415E-898F-A107680D20C1}
		{F1A69AEE-0EBE-4B49-AB59-439ECEEC53DF} = {CBE8E46D-10B5-4B74-A840-95AE6A80E8E4}
		{2C9FE5B4-DD7C-4E08-804D-A2A700133715} = {CBE8E46D-10B5-4B74-A840-95AE6A80E8E4}
		{6FED3CAA-DB99-415F-96CE-A247DE411ACA} = {C1589D8F-865A-4BD5-9764-C6123D903AB8}
		{C1589D8F-865A-4BD5-9764-C6123D903AB8} = {B2686CB5-5AAB-420D-8739-890C336CB2EF}
	EndGlobalSection
	GlobalSection(ExtensibilityGlobals) = postSolution
		SolutionGuid = {BD8A739D-8B2D-4BE3-BDBD-B00B3127CD76}
	EndGlobalSection
EndGlobal
